{
    "version": 3,
    "terraform_version": "0.10.2",
    "serial": 7,
    "lineage": "fba13c48-ac22-4e4e-a381-b764b46686c3",
    "modules": [
        {
            "path": [
                "root"
            ],
            "outputs": {},
            "resources": {
                "aws_ecs_cluster.main": {
                    "type": "aws_ecs_cluster",
                    "depends_on": [],
                    "primary": {
                        "id": "arn:aws:ecs:us-east-1:909603057100:cluster/pcloud-prod",
                        "attributes": {
                            "id": "arn:aws:ecs:us-east-1:909603057100:cluster/pcloud-prod",
                            "name": "pcloud-prod"
                        },
                        "meta": {},
                        "tainted": false
                    },
                    "deposed": [],
                    "provider": ""
                },
                "data.aws_caller_identity.current": {
                    "type": "aws_caller_identity",
                    "depends_on": [],
                    "primary": {
                        "id": "2017-08-25 07:25:12.82272339 +0000 UTC",
                        "attributes": {
                            "account_id": "909603057100",
                            "arn": "arn:aws:iam::909603057100:user/calvinchu@ecoworkinc.com",
                            "id": "2017-08-25 07:25:12.82272339 +0000 UTC",
                            "user_id": "AIDAJPXOHSJ2LIM6MZYEE"
                        },
                        "meta": {},
                        "tainted": false
                    },
                    "deposed": [],
                    "provider": ""
                }
            },
            "depends_on": []
        },
        {
            "path": [
                "root",
                "alb"
            ],
            "outputs": {
                "arn": {
                    "sensitive": false,
                    "type": "string",
                    "value": "arn:aws:elasticloadbalancing:us-east-1:909603057100:loadbalancer/app/pcloud-prod/8a4d40d960e7b99d"
                },
                "dns_name": {
                    "sensitive": false,
                    "type": "string",
                    "value": "pcloud-prod-1204030797.us-east-1.elb.amazonaws.com"
                },
                "id": {
                    "sensitive": false,
                    "type": "string",
                    "value": "arn:aws:elasticloadbalancing:us-east-1:909603057100:loadbalancer/app/pcloud-prod/8a4d40d960e7b99d"
                }
            },
            "resources": {
                "aws_alb.main": {
                    "type": "aws_alb",
                    "depends_on": [],
                    "primary": {
                        "id": "arn:aws:elasticloadbalancing:us-east-1:909603057100:loadbalancer/app/pcloud-prod/8a4d40d960e7b99d",
                        "attributes": {
                            "access_logs.#": "1",
                            "access_logs.0.bucket": "personal-cloud-aws-logs",
                            "access_logs.0.enabled": "true",
                            "access_logs.0.prefix": "elb/us-east-1/prod",
                            "arn": "arn:aws:elasticloadbalancing:us-east-1:909603057100:loadbalancer/app/pcloud-prod/8a4d40d960e7b99d",
                            "arn_suffix": "app/pcloud-prod/8a4d40d960e7b99d",
                            "dns_name": "pcloud-prod-1204030797.us-east-1.elb.amazonaws.com",
                            "enable_deletion_protection": "false",
                            "id": "arn:aws:elasticloadbalancing:us-east-1:909603057100:loadbalancer/app/pcloud-prod/8a4d40d960e7b99d",
                            "idle_timeout": "60",
                            "internal": "false",
                            "ip_address_type": "ipv4",
                            "name": "pcloud-prod",
                            "security_groups.#": "1",
                            "security_groups.1382311527": "sg-aca78fc9",
                            "subnets.#": "3",
                            "subnets.3432612406": "subnet-08243c20",
                            "subnets.4263927738": "subnet-8e926ad7",
                            "subnets.69969108": "subnet-8d07d9fa",
                            "tags.%": "2",
                            "tags.Creator": "ChouAndy",
                            "tags.Project": "pcloud-prod",
                            "vpc_id": "vpc-196dd27c",
                            "zone_id": "Z35SXDOTRQ7X7K"
                        },
                        "meta": {
                            "e2bfb730-ecaa-11e6-8f88-34363bc7c4c0": {
                                "create": 600000000000,
                                "delete": 600000000000,
                                "update": 600000000000
                            }
                        },
                        "tainted": false
                    },
                    "deposed": [],
                    "provider": ""
                }
            },
            "depends_on": []
        },
        {
            "path": [
                "root",
                "alb-tg-console"
            ],
            "outputs": {
                "target_group_arn": {
                    "sensitive": false,
                    "type": "string",
                    "value": "arn:aws:elasticloadbalancing:us-east-1:909603057100:targetgroup/pcloud-prod-console/70246e15b76c6a18"
                },
                "target_group_id": {
                    "sensitive": false,
                    "type": "string",
                    "value": "arn:aws:elasticloadbalancing:us-east-1:909603057100:targetgroup/pcloud-prod-console/70246e15b76c6a18"
                }
            },
            "resources": {
                "aws_alb_target_group.main": {
                    "type": "aws_alb_target_group",
                    "depends_on": [],
                    "primary": {
                        "id": "arn:aws:elasticloadbalancing:us-east-1:909603057100:targetgroup/pcloud-prod-console/70246e15b76c6a18",
                        "attributes": {
                            "arn": "arn:aws:elasticloadbalancing:us-east-1:909603057100:targetgroup/pcloud-prod-console/70246e15b76c6a18",
                            "arn_suffix": "targetgroup/pcloud-prod-console/70246e15b76c6a18",
                            "deregistration_delay": "300",
                            "health_check.#": "1",
                            "health_check.0.healthy_threshold": "5",
                            "health_check.0.interval": "30",
                            "health_check.0.matcher": "200,301",
                            "health_check.0.path": "/",
                            "health_check.0.port": "traffic-port",
                            "health_check.0.protocol": "HTTP",
                            "health_check.0.timeout": "10",
                            "health_check.0.unhealthy_threshold": "10",
                            "id": "arn:aws:elasticloadbalancing:us-east-1:909603057100:targetgroup/pcloud-prod-console/70246e15b76c6a18",
                            "name": "pcloud-prod-console",
                            "port": "8086",
                            "protocol": "HTTP",
                            "stickiness.#": "1",
                            "stickiness.0.cookie_duration": "86400",
                            "stickiness.0.enabled": "false",
                            "stickiness.0.type": "lb_cookie",
                            "tags.%": "0",
                            "vpc_id": "vpc-196dd27c"
                        },
                        "meta": {},
                        "tainted": false
                    },
                    "deposed": [],
                    "provider": ""
                }
            },
            "depends_on": []
        },
        {
            "path": [
                "root",
                "ecs-service-alexa-bot"
            ],
            "outputs": {},
            "resources": {
                "aws_cloudwatch_log_group.alexa-bot": {
                    "type": "aws_cloudwatch_log_group",
                    "depends_on": [],
                    "primary": {
                        "id": "/aws/ecs/pcloud-prod-alexa-go-bot",
                        "attributes": {
                            "arn": "arn:aws:logs:us-east-1:909603057100:log-group:/aws/ecs/pcloud-prod-alexa-go-bot:*",
                            "id": "/aws/ecs/pcloud-prod-alexa-go-bot",
                            "name": "/aws/ecs/pcloud-prod-alexa-go-bot",
                            "retention_in_days": "0",
                            "tags.%": "2",
                            "tags.Application": "pcloud-alexa-go-bot",
                            "tags.Environment": "prod"
                        },
                        "meta": {},
                        "tainted": false
                    },
                    "deposed": [],
                    "provider": ""
                },
                "aws_ecs_service.alexa-bot": {
                    "type": "aws_ecs_service",
                    "depends_on": [
                        "aws_ecs_task_definition.alexa-bot",
                        "data.aws_ecs_task_definition.alexa-bot"
                    ],
                    "primary": {
                        "id": "arn:aws:ecs:us-east-1:909603057100:service/pcloud-alexa-go-bot",
                        "attributes": {
                            "cluster": "arn:aws:ecs:us-east-1:909603057100:cluster/pcloud-prod",
                            "deployment_maximum_percent": "200",
                            "deployment_minimum_healthy_percent": "100",
                            "desired_count": "4",
                            "id": "arn:aws:ecs:us-east-1:909603057100:service/pcloud-alexa-go-bot",
                            "name": "pcloud-alexa-go-bot",
                            "placement_constraints.#": "0",
                            "placement_strategy.#": "0",
                            "task_definition": "pcloud-prod-alexa-go-bot:4"
                        },
                        "meta": {},
                        "tainted": false
                    },
                    "deposed": [],
                    "provider": ""
                },
                "aws_ecs_task_definition.alexa-bot": {
                    "type": "aws_ecs_task_definition",
                    "depends_on": [
                        "aws_ecs_task_definition.alexa-bot"
                    ],
                    "primary": {
                        "id": "pcloud-prod-alexa-go-bot",
                        "attributes": {
                            "arn": "arn:aws:ecs:us-east-1:909603057100:task-definition/pcloud-prod-alexa-go-bot:4",
                            "container_definitions": "15b1d8bf773b78a6a8a839b064362582d204b77d",
                            "family": "pcloud-prod-alexa-go-bot",
                            "id": "pcloud-prod-alexa-go-bot",
                            "network_mode": "",
                            "placement_constraints.#": "0",
                            "revision": "4",
                            "task_role_arn": "arn:aws:iam::909603057100:role/pcloud-alexa-prod-us-east-1-alexaGoBotRole"
                        },
                        "meta": {},
                        "tainted": false
                    },
                    "deposed": [],
                    "provider": ""
                },
                "data.aws_ecs_task_definition.alexa-bot": {
                    "type": "aws_ecs_task_definition",
                    "depends_on": [
                        "aws_ecs_task_definition.alexa-bot"
                    ],
                    "primary": {
                        "id": "arn:aws:ecs:us-east-1:909603057100:task-definition/pcloud-prod-alexa-go-bot:4",
                        "attributes": {
                            "family": "pcloud-prod-alexa-go-bot",
                            "id": "arn:aws:ecs:us-east-1:909603057100:task-definition/pcloud-prod-alexa-go-bot:4",
                            "network_mode": "",
                            "revision": "4",
                            "status": "ACTIVE",
                            "task_definition": "pcloud-prod-alexa-go-bot",
                            "task_role_arn": "arn:aws:iam::909603057100:role/pcloud-alexa-prod-us-east-1-alexaGoBotRole"
                        },
                        "meta": {},
                        "tainted": false
                    },
                    "deposed": [],
                    "provider": ""
                },
                "data.template_file.task-definition": {
                    "type": "template_file",
                    "depends_on": [],
                    "primary": {
                        "id": "4fd746e4d823d8a22be233a454bf12b4c6c9de9910b67450c9540b20db47f99a",
                        "attributes": {
                            "id": "4fd746e4d823d8a22be233a454bf12b4c6c9de9910b67450c9540b20db47f99a",
                            "rendered": "[\n  {\n    \"volumesFrom\": [],\n    \"memory\": 1950,\n    \"extraHosts\": null,\n    \"dnsServers\": null,\n    \"disableNetworking\": null,\n    \"dnsSearchDomains\": null,\n    \"portMappings\": [\n    ],\n    \"hostname\": null,\n    \"essential\": true,\n    \"entryPoint\": null,\n    \"mountPoints\": [],\n    \"name\": \"pcloud-prod-alexa-go-bot\",\n    \"ulimits\": null,\n    \"dockerSecurityOptions\": null,\n    \"environment\": [\n      {\n        \"name\": \"SERVICE\",\n        \"value\": \"personal-cloud-alexa\"\n      },\n      {\n        \"name\": \"REGION\",\n        \"value\": \"us-east-1\"\n      },\n      {\n        \"name\": \"AWS_REGION\",\n        \"value\": \"us-east-1\"\n      },\n      {\n        \"name\": \"STAGE\",\n        \"value\": \"prod\"\n      },\n      {\n        \"name\": \"DEBUG\",\n        \"value\": \"true\"\n      },\n      {\n        \"name\": \"API_DOMAIN\",\n        \"value\": \"https://api-mycloud.zyxel.com\"\n      },\n      {\n        \"name\": \"XMPP_HOST\",\n        \"value\": \"xmpp.zyxel.com\"\n      },\n      {\n        \"name\": \"REGISTER_API_PATH\",\n        \"value\": \"/d/1/register\"\n      },\n      {\n        \"name\": \"MAGIC_NUMBER\",\n        \"value\": \"5889\"\n      },\n      {\n        \"name\": \"MESSAGE_QUEUE_NAME\",\n        \"value\": \"personal-cloud-alexa-prod-messages\"\n      },\n      {\n        \"name\": \"REDIS_HOST\",\n        \"value\": \"pcloud-prod-web-rg.hcv1lh.ng.0001.use1.cache.amazonaws.com\"\n      }\n    ],\n    \"links\": null,\n    \"workingDirectory\": null,\n    \"readonlyRootFilesystem\": null,\n    \"image\": \"683422241496.dkr.ecr.us-east-1.amazonaws.com/pcloud-alexa-go-bot:master\",\n    \"command\": null,\n    \"user\": null,\n    \"dockerLabels\": null,\n    \"logConfiguration\": {\n      \"logDriver\": \"awslogs\",\n      \"options\": {\n        \"awslogs-group\": \"/aws/ecs/pcloud-prod-alexa-go-bot\",\n        \"awslogs-region\": \"us-east-1\"\n      }\n    },\n    \"cpu\": 512,\n    \"privileged\": null\n  }\n]",
                            "template": "[\n  {\n    \"volumesFrom\": [],\n    \"memory\": ${alexa_bot_memory},\n    \"extraHosts\": null,\n    \"dnsServers\": null,\n    \"disableNetworking\": null,\n    \"dnsSearchDomains\": null,\n    \"portMappings\": [\n    ],\n    \"hostname\": null,\n    \"essential\": true,\n    \"entryPoint\": null,\n    \"mountPoints\": [],\n    \"name\": \"${family}\",\n    \"ulimits\": null,\n    \"dockerSecurityOptions\": null,\n    \"environment\": [\n      {\n        \"name\": \"SERVICE\",\n        \"value\": \"${serverless_project}\"\n      },\n      {\n        \"name\": \"REGION\",\n        \"value\": \"${region}\"\n      },\n      {\n        \"name\": \"AWS_REGION\",\n        \"value\": \"${region}\"\n      },\n      {\n        \"name\": \"STAGE\",\n        \"value\": \"${env}\"\n      },\n      {\n        \"name\": \"DEBUG\",\n        \"value\": \"${debug}\"\n      },\n      {\n        \"name\": \"API_DOMAIN\",\n        \"value\": \"${pcloud_api_domain}\"\n      },\n      {\n        \"name\": \"XMPP_HOST\",\n        \"value\": \"${pcloud_xmpp_host}\"\n      },\n      {\n        \"name\": \"REGISTER_API_PATH\",\n        \"value\": \"${pcloud_register_v1_path}\"\n      },\n      {\n        \"name\": \"MAGIC_NUMBER\",\n        \"value\": \"${pcloud_magic_number}\"\n      },\n      {\n        \"name\": \"MESSAGE_QUEUE_NAME\",\n        \"value\": \"${serverless_project}-${env}-messages\"\n      },\n      {\n        \"name\": \"REDIS_HOST\",\n        \"value\": \"${pcloud_web_redis_host}\"\n      }\n    ],\n    \"links\": null,\n    \"workingDirectory\": null,\n    \"readonlyRootFilesystem\": null,\n    \"image\": \"683422241496.dkr.ecr.us-east-1.amazonaws.com/${service_name}:${alexa_bot_revision}\",\n    \"command\": null,\n    \"user\": null,\n    \"dockerLabels\": null,\n    \"logConfiguration\": {\n      \"logDriver\": \"awslogs\",\n      \"options\": {\n        \"awslogs-group\": \"${log_group_name}\",\n        \"awslogs-region\": \"${region}\"\n      }\n    },\n    \"cpu\": ${alexa_bot_cpu},\n    \"privileged\": null\n  }\n]",
                            "vars.%": "19",
                            "vars.alexa_bot_cpu": "512",
                            "vars.alexa_bot_memory": "1950",
                            "vars.alexa_bot_revision": "master",
                            "vars.cluster_name": "pcloud-prod",
                            "vars.container_port": "5280",
                            "vars.current_account_id": "909603057100",
                            "vars.debug": "true",
                            "vars.env": "prod",
                            "vars.family": "pcloud-prod-alexa-go-bot",
                            "vars.host_port": "5280",
                            "vars.log_group_name": "/aws/ecs/pcloud-prod-alexa-go-bot",
                            "vars.pcloud_api_domain": "https://api-mycloud.zyxel.com",
                            "vars.pcloud_magic_number": "5889",
                            "vars.pcloud_register_v1_path": "/d/1/register",
                            "vars.pcloud_web_redis_host": "pcloud-prod-web-rg.hcv1lh.ng.0001.use1.cache.amazonaws.com",
                            "vars.pcloud_xmpp_host": "xmpp.zyxel.com",
                            "vars.region": "us-east-1",
                            "vars.serverless_project": "personal-cloud-alexa",
                            "vars.service_name": "pcloud-alexa-go-bot"
                        },
                        "meta": {},
                        "tainted": false
                    },
                    "deposed": [],
                    "provider": ""
                }
            },
            "depends_on": []
        },
        {
            "path": [
                "root",
                "ecs-service-console"
            ],
            "outputs": {},
            "resources": {
                "aws_ecs_service.rails-app": {
                    "type": "aws_ecs_service",
                    "depends_on": [
                        "aws_ecs_task_definition.rails-app"
                    ],
                    "primary": {
                        "id": "arn:aws:ecs:us-east-1:909603057100:service/pcloud-console",
                        "attributes": {
                            "cluster": "pcloud-prod",
                            "deployment_maximum_percent": "200",
                            "deployment_minimum_healthy_percent": "100",
                            "desired_count": "1",
                            "iam_role": "arn:aws:iam::909603057100:role/pcloud-prod-ecs-service",
                            "id": "arn:aws:ecs:us-east-1:909603057100:service/pcloud-console",
                            "load_balancer.#": "1",
                            "load_balancer.2165091775.container_name": "rails-app",
                            "load_balancer.2165091775.container_port": "80",
                            "load_balancer.2165091775.elb_name": "",
                            "load_balancer.2165091775.target_group_arn": "arn:aws:elasticloadbalancing:us-east-1:909603057100:targetgroup/pcloud-prod-console/70246e15b76c6a18",
                            "name": "pcloud-console",
                            "placement_constraints.#": "0",
                            "placement_strategy.#": "0",
                            "task_definition": "arn:aws:ecs:us-east-1:909603057100:task-definition/pcloud-prod-console:1"
                        },
                        "meta": {},
                        "tainted": false
                    },
                    "deposed": [],
                    "provider": ""
                },
                "aws_ecs_task_definition.rails-app": {
                    "type": "aws_ecs_task_definition",
                    "depends_on": [
                        "data.template_file.task-definition"
                    ],
                    "primary": {
                        "id": "pcloud-prod-console",
                        "attributes": {
                            "arn": "arn:aws:ecs:us-east-1:909603057100:task-definition/pcloud-prod-console:1",
                            "container_definitions": "a41e61b5318fffee142b3d27ec342505faea9c38",
                            "family": "pcloud-prod-console",
                            "id": "pcloud-prod-console",
                            "network_mode": "",
                            "placement_constraints.#": "0",
                            "revision": "1",
                            "task_role_arn": ""
                        },
                        "meta": {},
                        "tainted": false
                    },
                    "deposed": [],
                    "provider": ""
                },
                "data.template_file.task-definition": {
                    "type": "template_file",
                    "depends_on": [],
                    "primary": {
                        "id": "0130ee87dac12c87e6cc76b1d203566e4ee59ed7a97fcbad2e3e9e142e5ca238",
                        "attributes": {
                            "id": "0130ee87dac12c87e6cc76b1d203566e4ee59ed7a97fcbad2e3e9e142e5ca238",
                            "rendered": "[\n    {\n        \"volumesFrom\": [\n            {\n                \"readOnly\": null,\n                \"sourceContainer\": \"rails-config\"\n            },\n            {\n                \"readOnly\": null,\n                \"sourceContainer\": \"rails-log\"\n            }\n        ],\n        \"memory\": 1600,\n        \"extraHosts\": null,\n        \"dnsServers\": null,\n        \"disableNetworking\": null,\n        \"dnsSearchDomains\": null,\n        \"portMappings\": [\n            {\n                \"hostPort\": 8086,\n                \"containerPort\": 80,\n                \"protocol\": \"tcp\"\n            }\n        ],\n        \"hostname\": null,\n        \"essential\": true,\n        \"entryPoint\": null,\n        \"mountPoints\": [],\n        \"name\": \"rails-app\",\n        \"ulimits\": null,\n        \"dockerSecurityOptions\": null,\n        \"environment\": [],\n        \"links\": null,\n        \"workingDirectory\": null,\n        \"readonlyRootFilesystem\": null,\n        \"image\": \"683422241496.dkr.ecr.us-east-1.amazonaws.com/pcloud-console:2.12.0\",\n        \"command\": null,\n        \"user\": null,\n        \"dockerLabels\": null,\n        \"logConfiguration\": null,\n        \"cpu\": 900,\n        \"privileged\": null\n    },\n    {\n        \"volumesFrom\": [],\n        \"memory\": 70,\n        \"extraHosts\": null,\n        \"dnsServers\": null,\n        \"disableNetworking\": null,\n        \"dnsSearchDomains\": null,\n        \"portMappings\": [],\n        \"hostname\": null,\n        \"essential\": true,\n        \"entryPoint\": null,\n        \"mountPoints\": [],\n        \"name\": \"rails-config\",\n        \"ulimits\": null,\n        \"dockerSecurityOptions\": null,\n        \"environment\": [\n            {\n                \"name\": \"STACK_ENV\",\n                \"value\": \"prod\"\n            },\n            {\n                \"name\": \"SERVICE_NAME\",\n                \"value\": \"pcloud-console\"\n            },\n            {\n                \"name\": \"HOSTNAME\",\n                \"value\": \"pcloud-console\"\n            }\n        ],\n        \"links\": null,\n        \"workingDirectory\": null,\n        \"readonlyRootFilesystem\": null,\n        \"image\": \"683422241496.dkr.ecr.us-east-1.amazonaws.com/pcloud-config:1.0.0\",\n        \"command\": null,\n        \"user\": null,\n        \"dockerLabels\": null,\n        \"logConfiguration\": null,\n        \"cpu\": 24,\n        \"privileged\": null\n    },\n    {\n        \"volumesFrom\": [],\n        \"memory\": 300,\n        \"extraHosts\": null,\n        \"dnsServers\": null,\n        \"disableNetworking\": null,\n        \"dnsSearchDomains\": null,\n        \"portMappings\": [],\n        \"hostname\": null,\n        \"essential\": true,\n        \"entryPoint\": null,\n        \"mountPoints\": [],\n        \"name\": \"rails-log\",\n        \"ulimits\": null,\n        \"dockerSecurityOptions\": null,\n        \"environment\": [\n            {\n                \"name\": \"AWS_ECS_CLUSTER_NAME\",\n                \"value\": \"pcloud-prod\"\n            },\n            {\n                \"name\": \"AWS_ECS_SERVICE_NAME\",\n                \"value\": \"pcloud-console\"\n            }\n        ],\n        \"links\": null,\n        \"workingDirectory\": null,\n        \"readonlyRootFilesystem\": null,\n        \"image\": \"683422241496.dkr.ecr.us-east-1.amazonaws.com/rails-passenger-log:latest\",\n        \"command\": null,\n        \"user\": null,\n        \"dockerLabels\": null,\n        \"logConfiguration\": null,\n        \"cpu\": 100,\n        \"privileged\": null\n    }\n]\n",
                            "template": "[\n    {\n        \"volumesFrom\": [\n            {\n                \"readOnly\": null,\n                \"sourceContainer\": \"rails-config\"\n            },\n            {\n                \"readOnly\": null,\n                \"sourceContainer\": \"rails-log\"\n            }\n        ],\n        \"memory\": ${rails_app_memory},\n        \"extraHosts\": null,\n        \"dnsServers\": null,\n        \"disableNetworking\": null,\n        \"dnsSearchDomains\": null,\n        \"portMappings\": [\n            {\n                \"hostPort\": ${host_port},\n                \"containerPort\": ${container_port},\n                \"protocol\": \"tcp\"\n            }\n        ],\n        \"hostname\": null,\n        \"essential\": true,\n        \"entryPoint\": null,\n        \"mountPoints\": [],\n        \"name\": \"rails-app\",\n        \"ulimits\": null,\n        \"dockerSecurityOptions\": null,\n        \"environment\": [],\n        \"links\": null,\n        \"workingDirectory\": null,\n        \"readonlyRootFilesystem\": null,\n        \"image\": \"683422241496.dkr.ecr.us-east-1.amazonaws.com/${service_name}:${rails_app_revision}\",\n        \"command\": null,\n        \"user\": null,\n        \"dockerLabels\": null,\n        \"logConfiguration\": null,\n        \"cpu\": ${rails_app_cpu},\n        \"privileged\": null\n    },\n    {\n        \"volumesFrom\": [],\n        \"memory\": ${rails_config_memory},\n        \"extraHosts\": null,\n        \"dnsServers\": null,\n        \"disableNetworking\": null,\n        \"dnsSearchDomains\": null,\n        \"portMappings\": [],\n        \"hostname\": null,\n        \"essential\": true,\n        \"entryPoint\": null,\n        \"mountPoints\": [],\n        \"name\": \"rails-config\",\n        \"ulimits\": null,\n        \"dockerSecurityOptions\": null,\n        \"environment\": [\n            {\n                \"name\": \"STACK_ENV\",\n                \"value\": \"${env}\"\n            },\n            {\n                \"name\": \"SERVICE_NAME\",\n                \"value\": \"${service_name}\"\n            },\n            {\n                \"name\": \"HOSTNAME\",\n                \"value\": \"${service_name}\"\n            }\n        ],\n        \"links\": null,\n        \"workingDirectory\": null,\n        \"readonlyRootFilesystem\": null,\n        \"image\": \"683422241496.dkr.ecr.us-east-1.amazonaws.com/${project}-config:${rails_config_revision}\",\n        \"command\": null,\n        \"user\": null,\n        \"dockerLabels\": null,\n        \"logConfiguration\": null,\n        \"cpu\": ${rails_config_cpu},\n        \"privileged\": null\n    },\n    {\n        \"volumesFrom\": [],\n        \"memory\": ${rails_log_memory},\n        \"extraHosts\": null,\n        \"dnsServers\": null,\n        \"disableNetworking\": null,\n        \"dnsSearchDomains\": null,\n        \"portMappings\": [],\n        \"hostname\": null,\n        \"essential\": true,\n        \"entryPoint\": null,\n        \"mountPoints\": [],\n        \"name\": \"rails-log\",\n        \"ulimits\": null,\n        \"dockerSecurityOptions\": null,\n        \"environment\": [\n            {\n                \"name\": \"AWS_ECS_CLUSTER_NAME\",\n                \"value\": \"${cluster_name}\"\n            },\n            {\n                \"name\": \"AWS_ECS_SERVICE_NAME\",\n                \"value\": \"${service_name}\"\n            }\n        ],\n        \"links\": null,\n        \"workingDirectory\": null,\n        \"readonlyRootFilesystem\": null,\n        \"image\": \"683422241496.dkr.ecr.us-east-1.amazonaws.com/rails-passenger-log:latest\",\n        \"command\": null,\n        \"user\": null,\n        \"dockerLabels\": null,\n        \"logConfiguration\": null,\n        \"cpu\": ${rails_log_cpu},\n        \"privileged\": null\n    }\n]\n",
                            "vars.%": "14",
                            "vars.cluster_name": "pcloud-prod",
                            "vars.container_port": "80",
                            "vars.env": "prod",
                            "vars.host_port": "8086",
                            "vars.project": "pcloud",
                            "vars.rails_app_cpu": "900",
                            "vars.rails_app_memory": "1600",
                            "vars.rails_app_revision": "2.12.0",
                            "vars.rails_config_cpu": "24",
                            "vars.rails_config_memory": "70",
                            "vars.rails_config_revision": "1.0.0",
                            "vars.rails_log_cpu": "100",
                            "vars.rails_log_memory": "300",
                            "vars.service_name": "pcloud-console"
                        },
                        "meta": {},
                        "tainted": false
                    },
                    "deposed": [],
                    "provider": ""
                }
            },
            "depends_on": []
        },
        {
            "path": [
                "root",
                "iam-role-ecs"
            ],
            "outputs": {
                "arn": {
                    "sensitive": false,
                    "type": "string",
                    "value": "arn:aws:iam::909603057100:role/pcloud-prod-ecs-service"
                }
            },
            "resources": {
                "aws_iam_role.role": {
                    "type": "aws_iam_role",
                    "depends_on": [],
                    "primary": {
                        "id": "pcloud-prod-ecs-service",
                        "attributes": {
                            "arn": "arn:aws:iam::909603057100:role/pcloud-prod-ecs-service",
                            "assume_role_policy": "{\"Version\":\"2008-10-17\",\"Statement\":[{\"Effect\":\"Allow\",\"Principal\":{\"Service\":[\"ecs.amazonaws.com\",\"ec2.amazonaws.com\"]},\"Action\":\"sts:AssumeRole\"}]}",
                            "create_date": "2017-08-25T06:49:08Z",
                            "force_detach_policies": "false",
                            "id": "pcloud-prod-ecs-service",
                            "name": "pcloud-prod-ecs-service",
                            "path": "/",
                            "unique_id": "AROAJ7CMDS3MF2FRD4TB6"
                        },
                        "meta": {},
                        "tainted": false
                    },
                    "deposed": [],
                    "provider": ""
                },
                "aws_iam_role_policy_attachment.attach": {
                    "type": "aws_iam_role_policy_attachment",
                    "depends_on": [
                        "aws_iam_role.role"
                    ],
                    "primary": {
                        "id": "pcloud-prod-ecs-service-0029a4862eb359f183604510b2",
                        "attributes": {
                            "id": "pcloud-prod-ecs-service-0029a4862eb359f183604510b2",
                            "policy_arn": "arn:aws:iam::aws:policy/service-role/AmazonEC2ContainerServiceRole",
                            "role": "pcloud-prod-ecs-service"
                        },
                        "meta": {},
                        "tainted": false
                    },
                    "deposed": [],
                    "provider": ""
                }
            },
            "depends_on": []
        },
        {
            "path": [
                "root",
                "lc-asg"
            ],
            "outputs": {},
            "resources": {
                "aws_autoscaling_group.on-demain-asg": {
                    "type": "aws_autoscaling_group",
                    "depends_on": [
                        "aws_launch_configuration.on-demain-lc"
                    ],
                    "primary": {
                        "id": "pcloud-prod-ecs-on-demain-asg",
                        "attributes": {
                            "arn": "arn:aws:autoscaling:us-east-1:909603057100:autoScalingGroup:0fe4fd1b-e5ab-4c0c-a503-f899dd984055:autoScalingGroupName/pcloud-prod-ecs-on-demain-asg",
                            "availability_zones.#": "3",
                            "availability_zones.1305112097": "us-east-1b",
                            "availability_zones.2762590996": "us-east-1d",
                            "availability_zones.986537655": "us-east-1c",
                            "default_cooldown": "300",
                            "desired_capacity": "4",
                            "force_delete": "true",
                            "health_check_grace_period": "300",
                            "health_check_type": "EC2",
                            "id": "pcloud-prod-ecs-on-demain-asg",
                            "launch_configuration": "pcloud-prod-ecs-on-demain-lc-004e098557cb9412cc38b3f677",
                            "load_balancers.#": "0",
                            "max_size": "6",
                            "metrics_granularity": "1Minute",
                            "min_size": "4",
                            "name": "pcloud-prod-ecs-on-demain-asg",
                            "placement_group": "",
                            "protect_from_scale_in": "false",
                            "suspended_processes.#": "0",
                            "tag.#": "3",
                            "tag.1284382782.key": "Name",
                            "tag.1284382782.propagate_at_launch": "true",
                            "tag.1284382782.value": "pcloud-prod-ecs",
                            "tag.2037778904.key": "Creator",
                            "tag.2037778904.propagate_at_launch": "true",
                            "tag.2037778904.value": "ChouAndy",
                            "tag.3464594317.key": "Project",
                            "tag.3464594317.propagate_at_launch": "true",
                            "tag.3464594317.value": "pcloud-prod",
                            "target_group_arns.#": "0",
                            "termination_policies.#": "0",
                            "vpc_zone_identifier.#": "3",
                            "vpc_zone_identifier.1861508882": "subnet-7804da0f",
                            "vpc_zone_identifier.4234724277": "subnet-a9926af0",
                            "vpc_zone_identifier.910950125": "subnet-29756b01",
                            "wait_for_capacity_timeout": "10m"
                        },
                        "meta": {
                            "e2bfb730-ecaa-11e6-8f88-34363bc7c4c0": {
                                "delete": 600000000000
                            }
                        },
                        "tainted": false
                    },
                    "deposed": [],
                    "provider": ""
                },
                "aws_autoscaling_group.spot-asg": {
                    "type": "aws_autoscaling_group",
                    "depends_on": [
                        "aws_launch_configuration.spot-lc"
                    ],
                    "primary": {
                        "id": "pcloud-prod-ecs-spot-asg",
                        "attributes": {
                            "arn": "arn:aws:autoscaling:us-east-1:909603057100:autoScalingGroup:50d32e50-346d-4990-9676-48afa4710354:autoScalingGroupName/pcloud-prod-ecs-spot-asg",
                            "availability_zones.#": "3",
                            "availability_zones.1305112097": "us-east-1b",
                            "availability_zones.2762590996": "us-east-1d",
                            "availability_zones.986537655": "us-east-1c",
                            "default_cooldown": "300",
                            "desired_capacity": "0",
                            "force_delete": "true",
                            "health_check_grace_period": "300",
                            "health_check_type": "EC2",
                            "id": "pcloud-prod-ecs-spot-asg",
                            "launch_configuration": "pcloud-prod-ecs-spot-lc-004e098557cb9412cc38b3f678",
                            "load_balancers.#": "0",
                            "max_size": "0",
                            "metrics_granularity": "1Minute",
                            "min_size": "0",
                            "name": "pcloud-prod-ecs-spot-asg",
                            "placement_group": "",
                            "protect_from_scale_in": "false",
                            "suspended_processes.#": "0",
                            "tag.#": "3",
                            "tag.1284382782.key": "Name",
                            "tag.1284382782.propagate_at_launch": "true",
                            "tag.1284382782.value": "pcloud-prod-ecs",
                            "tag.2037778904.key": "Creator",
                            "tag.2037778904.propagate_at_launch": "true",
                            "tag.2037778904.value": "ChouAndy",
                            "tag.3464594317.key": "Project",
                            "tag.3464594317.propagate_at_launch": "true",
                            "tag.3464594317.value": "pcloud-prod",
                            "target_group_arns.#": "0",
                            "termination_policies.#": "0",
                            "vpc_zone_identifier.#": "3",
                            "vpc_zone_identifier.1861508882": "subnet-7804da0f",
                            "vpc_zone_identifier.4234724277": "subnet-a9926af0",
                            "vpc_zone_identifier.910950125": "subnet-29756b01",
                            "wait_for_capacity_timeout": "10m"
                        },
                        "meta": {
                            "e2bfb730-ecaa-11e6-8f88-34363bc7c4c0": {
                                "delete": 600000000000
                            }
                        },
                        "tainted": false
                    },
                    "deposed": [],
                    "provider": ""
                },
                "aws_autoscaling_policy.on-demain-asp-scaling-down": {
                    "type": "aws_autoscaling_policy",
                    "depends_on": [
                        "aws_autoscaling_group.on-demain-asg"
                    ],
                    "primary": {
                        "id": "pcloud-prod-ecs-on-demain-asp-scaling-down",
                        "attributes": {
                            "adjustment_type": "ChangeInCapacity",
                            "arn": "arn:aws:autoscaling:us-east-1:909603057100:scalingPolicy:c41f9018-97e3-4856-8382-0058f404ef6b:autoScalingGroupName/pcloud-prod-ecs-on-demain-asg:policyName/pcloud-prod-ecs-on-demain-asp-scaling-down",
                            "autoscaling_group_name": "pcloud-prod-ecs-on-demain-asg",
                            "cooldown": "300",
                            "estimated_instance_warmup": "0",
                            "id": "pcloud-prod-ecs-on-demain-asp-scaling-down",
                            "metric_aggregation_type": "",
                            "min_adjustment_step": "0",
                            "name": "pcloud-prod-ecs-on-demain-asp-scaling-down",
                            "policy_type": "SimpleScaling",
                            "scaling_adjustment": "-1",
                            "step_adjustment.#": "0"
                        },
                        "meta": {},
                        "tainted": false
                    },
                    "deposed": [],
                    "provider": ""
                },
                "aws_autoscaling_policy.on-demain-asp-scaling-up": {
                    "type": "aws_autoscaling_policy",
                    "depends_on": [
                        "aws_autoscaling_group.on-demain-asg"
                    ],
                    "primary": {
                        "id": "pcloud-prod-ecs-on-demain-asp-scaling-up",
                        "attributes": {
                            "adjustment_type": "ChangeInCapacity",
                            "arn": "arn:aws:autoscaling:us-east-1:909603057100:scalingPolicy:5d30ea7c-ccbb-44b0-81f8-e5c5656a30a8:autoScalingGroupName/pcloud-prod-ecs-on-demain-asg:policyName/pcloud-prod-ecs-on-demain-asp-scaling-up",
                            "autoscaling_group_name": "pcloud-prod-ecs-on-demain-asg",
                            "cooldown": "300",
                            "estimated_instance_warmup": "0",
                            "id": "pcloud-prod-ecs-on-demain-asp-scaling-up",
                            "metric_aggregation_type": "",
                            "min_adjustment_step": "0",
                            "name": "pcloud-prod-ecs-on-demain-asp-scaling-up",
                            "policy_type": "SimpleScaling",
                            "scaling_adjustment": "1",
                            "step_adjustment.#": "0"
                        },
                        "meta": {},
                        "tainted": false
                    },
                    "deposed": [],
                    "provider": ""
                },
                "aws_autoscaling_policy.spot-asp-scaling-down": {
                    "type": "aws_autoscaling_policy",
                    "depends_on": [
                        "aws_autoscaling_group.spot-asg"
                    ],
                    "primary": {
                        "id": "pcloud-prod-ecs-spot-asp-scaling-down",
                        "attributes": {
                            "adjustment_type": "ChangeInCapacity",
                            "arn": "arn:aws:autoscaling:us-east-1:909603057100:scalingPolicy:3f1bdd5d-0d4e-4611-995f-ccd71abcc58c:autoScalingGroupName/pcloud-prod-ecs-spot-asg:policyName/pcloud-prod-ecs-spot-asp-scaling-down",
                            "autoscaling_group_name": "pcloud-prod-ecs-spot-asg",
                            "cooldown": "300",
                            "estimated_instance_warmup": "0",
                            "id": "pcloud-prod-ecs-spot-asp-scaling-down",
                            "metric_aggregation_type": "",
                            "min_adjustment_step": "0",
                            "name": "pcloud-prod-ecs-spot-asp-scaling-down",
                            "policy_type": "SimpleScaling",
                            "scaling_adjustment": "-1",
                            "step_adjustment.#": "0"
                        },
                        "meta": {},
                        "tainted": false
                    },
                    "deposed": [],
                    "provider": ""
                },
                "aws_autoscaling_policy.spot-asp-scaling-up": {
                    "type": "aws_autoscaling_policy",
                    "depends_on": [
                        "aws_autoscaling_group.spot-asg"
                    ],
                    "primary": {
                        "id": "pcloud-prod-ecs-spot-asp-scaling-up",
                        "attributes": {
                            "adjustment_type": "ChangeInCapacity",
                            "arn": "arn:aws:autoscaling:us-east-1:909603057100:scalingPolicy:bc151b47-0253-4375-9b54-4d535c79bd58:autoScalingGroupName/pcloud-prod-ecs-spot-asg:policyName/pcloud-prod-ecs-spot-asp-scaling-up",
                            "autoscaling_group_name": "pcloud-prod-ecs-spot-asg",
                            "cooldown": "300",
                            "estimated_instance_warmup": "0",
                            "id": "pcloud-prod-ecs-spot-asp-scaling-up",
                            "metric_aggregation_type": "",
                            "min_adjustment_step": "0",
                            "name": "pcloud-prod-ecs-spot-asp-scaling-up",
                            "policy_type": "SimpleScaling",
                            "scaling_adjustment": "1",
                            "step_adjustment.#": "0"
                        },
                        "meta": {},
                        "tainted": false
                    },
                    "deposed": [],
                    "provider": ""
                },
                "aws_cloudwatch_metric_alarm.on-demain-cwma-scaling-down": {
                    "type": "aws_cloudwatch_metric_alarm",
                    "depends_on": [
                        "aws_autoscaling_policy.on-demain-asp-scaling-down"
                    ],
                    "primary": {
                        "id": "pcloud-prod-ecs-on-demain-cwma-scaling-down",
                        "attributes": {
                            "actions_enabled": "true",
                            "alarm_actions.#": "1",
                            "alarm_actions.929762044": "arn:aws:autoscaling:us-east-1:909603057100:scalingPolicy:c41f9018-97e3-4856-8382-0058f404ef6b:autoScalingGroupName/pcloud-prod-ecs-on-demain-asg:policyName/pcloud-prod-ecs-on-demain-asp-scaling-down",
                            "alarm_description": "Cluster memory reservation below 0%",
                            "alarm_name": "pcloud-prod-ecs-on-demain-cwma-scaling-down",
                            "comparison_operator": "LessThanOrEqualToThreshold",
                            "dimensions.%": "1",
                            "dimensions.ClusterName": "pcloud-prod",
                            "evaluate_low_sample_count_percentiles": "",
                            "evaluation_periods": "1",
                            "extended_statistic": "",
                            "id": "pcloud-prod-ecs-on-demain-cwma-scaling-down",
                            "insufficient_data_actions.#": "0",
                            "metric_name": "MemoryReservation",
                            "namespace": "AWS/ECS",
                            "ok_actions.#": "0",
                            "period": "60",
                            "statistic": "Maximum",
                            "threshold": "0",
                            "treat_missing_data": "missing",
                            "unit": ""
                        },
                        "meta": {
                            "schema_version": "1"
                        },
                        "tainted": false
                    },
                    "deposed": [],
                    "provider": ""
                },
                "aws_cloudwatch_metric_alarm.on-demain-cwma-scaling-up": {
                    "type": "aws_cloudwatch_metric_alarm",
                    "depends_on": [
                        "aws_autoscaling_policy.on-demain-asp-scaling-up"
                    ],
                    "primary": {
                        "id": "pcloud-prod-ecs-on-demain-cwma-scaling-up",
                        "attributes": {
                            "actions_enabled": "true",
                            "alarm_actions.#": "1",
                            "alarm_actions.3079550031": "arn:aws:autoscaling:us-east-1:909603057100:scalingPolicy:5d30ea7c-ccbb-44b0-81f8-e5c5656a30a8:autoScalingGroupName/pcloud-prod-ecs-on-demain-asg:policyName/pcloud-prod-ecs-on-demain-asp-scaling-up",
                            "alarm_description": "Cluster memory reservation above 75%",
                            "alarm_name": "pcloud-prod-ecs-on-demain-cwma-scaling-up",
                            "comparison_operator": "GreaterThanOrEqualToThreshold",
                            "dimensions.%": "1",
                            "dimensions.ClusterName": "pcloud-prod",
                            "evaluate_low_sample_count_percentiles": "",
                            "evaluation_periods": "1",
                            "extended_statistic": "",
                            "id": "pcloud-prod-ecs-on-demain-cwma-scaling-up",
                            "insufficient_data_actions.#": "0",
                            "metric_name": "MemoryReservation",
                            "namespace": "AWS/ECS",
                            "ok_actions.#": "0",
                            "period": "60",
                            "statistic": "Maximum",
                            "threshold": "75",
                            "treat_missing_data": "missing",
                            "unit": ""
                        },
                        "meta": {
                            "schema_version": "1"
                        },
                        "tainted": false
                    },
                    "deposed": [],
                    "provider": ""
                },
                "aws_cloudwatch_metric_alarm.spot-cwma-scaling-down": {
                    "type": "aws_cloudwatch_metric_alarm",
                    "depends_on": [
                        "aws_autoscaling_policy.spot-asp-scaling-down"
                    ],
                    "primary": {
                        "id": "pcloud-prod-ecs-spot-cwma-scaling-down",
                        "attributes": {
                            "actions_enabled": "true",
                            "alarm_actions.#": "1",
                            "alarm_actions.4096880517": "arn:aws:autoscaling:us-east-1:909603057100:scalingPolicy:3f1bdd5d-0d4e-4611-995f-ccd71abcc58c:autoScalingGroupName/pcloud-prod-ecs-spot-asg:policyName/pcloud-prod-ecs-spot-asp-scaling-down",
                            "alarm_description": "Cluster memory reservation below 0%",
                            "alarm_name": "pcloud-prod-ecs-spot-cwma-scaling-down",
                            "comparison_operator": "LessThanOrEqualToThreshold",
                            "dimensions.%": "1",
                            "dimensions.ClusterName": "pcloud-prod",
                            "evaluate_low_sample_count_percentiles": "",
                            "evaluation_periods": "1",
                            "extended_statistic": "",
                            "id": "pcloud-prod-ecs-spot-cwma-scaling-down",
                            "insufficient_data_actions.#": "0",
                            "metric_name": "MemoryReservation",
                            "namespace": "AWS/ECS",
                            "ok_actions.#": "0",
                            "period": "60",
                            "statistic": "Maximum",
                            "threshold": "0",
                            "treat_missing_data": "missing",
                            "unit": ""
                        },
                        "meta": {
                            "schema_version": "1"
                        },
                        "tainted": false
                    },
                    "deposed": [],
                    "provider": ""
                },
                "aws_cloudwatch_metric_alarm.spot-cwma-scaling-up": {
                    "type": "aws_cloudwatch_metric_alarm",
                    "depends_on": [
                        "aws_autoscaling_policy.spot-asp-scaling-up"
                    ],
                    "primary": {
                        "id": "pcloud-prod-ecs-spot-cwma-scaling-up",
                        "attributes": {
                            "actions_enabled": "true",
                            "alarm_actions.#": "1",
                            "alarm_actions.2220294448": "arn:aws:autoscaling:us-east-1:909603057100:scalingPolicy:bc151b47-0253-4375-9b54-4d535c79bd58:autoScalingGroupName/pcloud-prod-ecs-spot-asg:policyName/pcloud-prod-ecs-spot-asp-scaling-up",
                            "alarm_description": "Cluster memory reservation above 100%",
                            "alarm_name": "pcloud-prod-ecs-spot-cwma-scaling-up",
                            "comparison_operator": "GreaterThanOrEqualToThreshold",
                            "dimensions.%": "1",
                            "dimensions.ClusterName": "pcloud-prod",
                            "evaluate_low_sample_count_percentiles": "",
                            "evaluation_periods": "1",
                            "extended_statistic": "",
                            "id": "pcloud-prod-ecs-spot-cwma-scaling-up",
                            "insufficient_data_actions.#": "0",
                            "metric_name": "MemoryReservation",
                            "namespace": "AWS/ECS",
                            "ok_actions.#": "0",
                            "period": "60",
                            "statistic": "Maximum",
                            "threshold": "100",
                            "treat_missing_data": "missing",
                            "unit": ""
                        },
                        "meta": {
                            "schema_version": "1"
                        },
                        "tainted": false
                    },
                    "deposed": [],
                    "provider": ""
                },
                "aws_launch_configuration.on-demain-lc": {
                    "type": "aws_launch_configuration",
                    "depends_on": [],
                    "primary": {
                        "id": "pcloud-prod-ecs-on-demain-lc-004e098557cb9412cc38b3f677",
                        "attributes": {
                            "associate_public_ip_address": "false",
                            "ebs_block_device.#": "1",
                            "ebs_block_device.1563169761.delete_on_termination": "true",
                            "ebs_block_device.1563169761.device_name": "/dev/xvdcz",
                            "ebs_block_device.1563169761.encrypted": "false",
                            "ebs_block_device.1563169761.iops": "0",
                            "ebs_block_device.1563169761.snapshot_id": "",
                            "ebs_block_device.1563169761.volume_size": "22",
                            "ebs_block_device.1563169761.volume_type": "gp2",
                            "ebs_optimized": "false",
                            "enable_monitoring": "true",
                            "ephemeral_block_device.#": "0",
                            "iam_instance_profile": "pcloud_production",
                            "id": "pcloud-prod-ecs-on-demain-lc-004e098557cb9412cc38b3f677",
                            "image_id": "ami-d61027ad",
                            "instance_type": "t2.medium",
                            "key_name": "pcloud-prod-201708091430",
                            "name": "pcloud-prod-ecs-on-demain-lc-004e098557cb9412cc38b3f677",
                            "name_prefix": "pcloud-prod-ecs-on-demain-lc-",
                            "root_block_device.#": "1",
                            "root_block_device.0.delete_on_termination": "true",
                            "root_block_device.0.iops": "0",
                            "root_block_device.0.volume_size": "8",
                            "root_block_device.0.volume_type": "gp2",
                            "security_groups.#": "1",
                            "security_groups.855276904": "sg-21487e44",
                            "spot_price": "",
                            "user_data": "e2c4d6df3b0c5e478c83f549da361d05b13b5a50",
                            "vpc_classic_link_id": "",
                            "vpc_classic_link_security_groups.#": "0"
                        },
                        "meta": {},
                        "tainted": false
                    },
                    "deposed": [],
                    "provider": ""
                },
                "aws_launch_configuration.spot-lc": {
                    "type": "aws_launch_configuration",
                    "depends_on": [],
                    "primary": {
                        "id": "pcloud-prod-ecs-spot-lc-004e098557cb9412cc38b3f678",
                        "attributes": {
                            "associate_public_ip_address": "false",
                            "ebs_block_device.#": "1",
                            "ebs_block_device.1563169761.delete_on_termination": "true",
                            "ebs_block_device.1563169761.device_name": "/dev/xvdcz",
                            "ebs_block_device.1563169761.encrypted": "false",
                            "ebs_block_device.1563169761.iops": "0",
                            "ebs_block_device.1563169761.snapshot_id": "",
                            "ebs_block_device.1563169761.volume_size": "22",
                            "ebs_block_device.1563169761.volume_type": "gp2",
                            "ebs_optimized": "false",
                            "enable_monitoring": "true",
                            "ephemeral_block_device.#": "0",
                            "iam_instance_profile": "pcloud_production",
                            "id": "pcloud-prod-ecs-spot-lc-004e098557cb9412cc38b3f678",
                            "image_id": "ami-d61027ad",
                            "instance_type": "m4.large",
                            "key_name": "pcloud-prod-201708091430",
                            "name": "pcloud-prod-ecs-spot-lc-004e098557cb9412cc38b3f678",
                            "name_prefix": "pcloud-prod-ecs-spot-lc-",
                            "root_block_device.#": "1",
                            "root_block_device.0.delete_on_termination": "true",
                            "root_block_device.0.iops": "0",
                            "root_block_device.0.volume_size": "8",
                            "root_block_device.0.volume_type": "gp2",
                            "security_groups.#": "1",
                            "security_groups.855276904": "sg-21487e44",
                            "spot_price": "0.030",
                            "user_data": "e2c4d6df3b0c5e478c83f549da361d05b13b5a50",
                            "vpc_classic_link_id": "",
                            "vpc_classic_link_security_groups.#": "0"
                        },
                        "meta": {},
                        "tainted": false
                    },
                    "deposed": [],
                    "provider": ""
                },
                "data.template_file.userdata": {
                    "type": "template_file",
                    "depends_on": [],
                    "primary": {
                        "id": "e45f6de690150a429097258c7c9b5a5ef78ff896a223b7f269267ccd40c0a6af",
                        "attributes": {
                            "id": "e45f6de690150a429097258c7c9b5a5ef78ff896a223b7f269267ccd40c0a6af",
                            "rendered": "#!/bin/bash\necho ECS_CLUSTER=pcloud-prod \u003e\u003e /etc/ecs/ecs.config\necho ECS_AVAILABLE_LOGGING_DRIVERS=[\\\"json-file\\\",\\\"awslogs\\\"] \u003e\u003e /etc/ecs/ecs.config\ncurl -O https://d1wk0tztpsntt1.cloudfront.net/linux/latest/install\nbash install\nEOF\n",
                            "template": "#!/bin/bash\necho ECS_CLUSTER=${cluster_name} \u003e\u003e /etc/ecs/ecs.config\necho ECS_AVAILABLE_LOGGING_DRIVERS=[\\\"json-file\\\",\\\"awslogs\\\"] \u003e\u003e /etc/ecs/ecs.config\ncurl -O https://d1wk0tztpsntt1.cloudfront.net/linux/latest/install\nbash install\nEOF\n",
                            "vars.%": "1",
                            "vars.cluster_name": "pcloud-prod"
                        },
                        "meta": {},
                        "tainted": false
                    },
                    "deposed": [],
                    "provider": ""
                }
            },
            "depends_on": []
        }
    ]
}
